
Microsoft Visual Studio Solution File, Format Version 12.00
# Visual Studio Version 17
VisualStudioVersion = 17.13.35931.197
MinimumVisualStudioVersion = 10.0.40219.1
Project("{FAE04EC0-301F-11D3-BF4B-00C04F79EFBC}") = "IDFOperation", "IDFOperation\IDFOperation.csproj", "{872D5672-9928-4F25-931B-FD07E5634FCB}"
EndProject
Global
	GlobalSection(SolutionConfigurationPlatforms) = preSolution
		Debug|Any CPU = Debug|Any CPU
		Release|Any CPU = Release|Any CPU
	EndGlobalSection
	GlobalSection(ProjectConfigurationPlatforms) = postSolution
		{872D5672-9928-4F25-931B-FD07E5634FCB}.Debug|Any CPU.ActiveCfg = Debug|Any CPU
		{872D5672-9928-4F25-931B-FD07E5634FCB}.Debug|Any CPU.Build.0 = Debug|Any CPU
		{872D5672-9928-4F25-931B-FD07E5634FCB}.Release|Any CPU.ActiveCfg = Release|Any CPU
		{872D5672-9928-4F25-931B-FD07E5634FCB}.Release|Any CPU.Build.0 = Release|Any CPU
	EndGlobalSection
	GlobalSection(SolutionProperties) = preSolution
		HideSolutionNode = FALSE
	EndGlobalSection
	GlobalSection(ExtensibilityGlobals) = postSolution
		SolutionGuid = {A261DF3E-F131-40AE-8841-40C4C8C3A1C4}
	EndGlobalSection
EndGlobal
